
Microsoft Visual Studio Solution File, Format Version 12.00
# Visual Studio 15
VisualStudioVersion = 15.0.26124.0
MinimumVisualStudioVersion = 15.0.26124.0
Project("{2150E333-8FDC-42A3-9474-1A3956D46DE8}") = "Source", "Source", "{2B0529B4-2208-4E8B-87AD-64C84BD6A813}"
EndProject
Project("{FAE04EC0-301F-11D3-BF4B-00C04F79EFBC}") = "Actio.Common", "Source\Actio.Common\Actio.Common.csproj", "{AF459DCE-81F9-496C-B447-5E5D56DB9710}"
EndProject
Project("{FAE04EC0-301F-11D3-BF4B-00C04F79EFBC}") = "Actio.Activities", "Source\Actio.Activities\Actio.Activities.csproj", "{32954E0A-0618-48D0-AE15-64E0E8A5C7EC}"
EndProject
Project("{FAE04EC0-301F-11D3-BF4B-00C04F79EFBC}") = "Actio.Api", "Source\Actio.Api\Actio.Api.csproj", "{C8FC0906-9D96-4124-8C45-3B245C66634F}"
EndProject
Project("{FAE04EC0-301F-11D3-BF4B-00C04F79EFBC}") = "Actio.Authentication", "Source\Actio.Authentication\Actio.Authentication.csproj", "{D20AA4DD-BE2C-4B1A-83F5-75BF6D982CC0}"
EndProject
Global
	GlobalSection(SolutionConfigurationPlatforms) = preSolution
		Debug|Any CPU = Debug|Any CPU
		Debug|x64 = Debug|x64
		Debug|x86 = Debug|x86
		Release|Any CPU = Release|Any CPU
		Release|x64 = Release|x64
		Release|x86 = Release|x86
	EndGlobalSection
	GlobalSection(SolutionProperties) = preSolution
		HideSolutionNode = FALSE
	EndGlobalSection
	GlobalSection(ProjectConfigurationPlatforms) = postSolution
		{AF459DCE-81F9-496C-B447-5E5D56DB9710}.Debug|Any CPU.ActiveCfg = Debug|Any CPU
		{AF459DCE-81F9-496C-B447-5E5D56DB9710}.Debug|Any CPU.Build.0 = Debug|Any CPU
		{AF459DCE-81F9-496C-B447-5E5D56DB9710}.Debug|x64.ActiveCfg = Debug|Any CPU
		{AF459DCE-81F9-496C-B447-5E5D56DB9710}.Debug|x64.Build.0 = Debug|Any CPU
		{AF459DCE-81F9-496C-B447-5E5D56DB9710}.Debug|x86.ActiveCfg = Debug|Any CPU
		{AF459DCE-81F9-496C-B447-5E5D56DB9710}.Debug|x86.Build.0 = Debug|Any CPU
		{AF459DCE-81F9-496C-B447-5E5D56DB9710}.Release|Any CPU.ActiveCfg = Release|Any CPU
		{AF459DCE-81F9-496C-B447-5E5D56DB9710}.Release|Any CPU.Build.0 = Release|Any CPU
		{AF459DCE-81F9-496C-B447-5E5D56DB9710}.Release|x64.ActiveCfg = Release|Any CPU
		{AF459DCE-81F9-496C-B447-5E5D56DB9710}.Release|x64.Build.0 = Release|Any CPU
		{AF459DCE-81F9-496C-B447-5E5D56DB9710}.Release|x86.ActiveCfg = Release|Any CPU
		{AF459DCE-81F9-496C-B447-5E5D56DB9710}.Release|x86.Build.0 = Release|Any CPU
		{32954E0A-0618-48D0-AE15-64E0E8A5C7EC}.Debug|Any CPU.ActiveCfg = Debug|Any CPU
		{32954E0A-0618-48D0-AE15-64E0E8A5C7EC}.Debug|Any CPU.Build.0 = Debug|Any CPU
		{32954E0A-0618-48D0-AE15-64E0E8A5C7EC}.Debug|x64.ActiveCfg = Debug|Any CPU
		{32954E0A-0618-48D0-AE15-64E0E8A5C7EC}.Debug|x64.Build.0 = Debug|Any CPU
		{32954E0A-0618-48D0-AE15-64E0E8A5C7EC}.Debug|x86.ActiveCfg = Debug|Any CPU
		{32954E0A-0618-48D0-AE15-64E0E8A5C7EC}.Debug|x86.Build.0 = Debug|Any CPU
		{32954E0A-0618-48D0-AE15-64E0E8A5C7EC}.Release|Any CPU.ActiveCfg = Release|Any CPU
		{32954E0A-0618-48D0-AE15-64E0E8A5C7EC}.Release|Any CPU.Build.0 = Release|Any CPU
		{32954E0A-0618-48D0-AE15-64E0E8A5C7EC}.Release|x64.ActiveCfg = Release|Any CPU
		{32954E0A-0618-48D0-AE15-64E0E8A5C7EC}.Release|x64.Build.0 = Release|Any CPU
		{32954E0A-0618-48D0-AE15-64E0E8A5C7EC}.Release|x86.ActiveCfg = Release|Any CPU
		{32954E0A-0618-48D0-AE15-64E0E8A5C7EC}.Release|x86.Build.0 = Release|Any CPU
		{C8FC0906-9D96-4124-8C45-3B245C66634F}.Debug|Any CPU.ActiveCfg = Debug|Any CPU
		{C8FC0906-9D96-4124-8C45-3B245C66634F}.Debug|Any CPU.Build.0 = Debug|Any CPU
		{C8FC0906-9D96-4124-8C45-3B245C66634F}.Debug|x64.ActiveCfg = Debug|Any CPU
		{C8FC0906-9D96-4124-8C45-3B245C66634F}.Debug|x64.Build.0 = Debug|Any CPU
		{C8FC0906-9D96-4124-8C45-3B245C66634F}.Debug|x86.ActiveCfg = Debug|Any CPU
		{C8FC0906-9D96-4124-8C45-3B245C66634F}.Debug|x86.Build.0 = Debug|Any CPU
		{C8FC0906-9D96-4124-8C45-3B245C66634F}.Release|Any CPU.ActiveCfg = Release|Any CPU
		{C8FC0906-9D96-4124-8C45-3B245C66634F}.Release|Any CPU.Build.0 = Release|Any CPU
		{C8FC0906-9D96-4124-8C45-3B245C66634F}.Release|x64.ActiveCfg = Release|Any CPU
		{C8FC0906-9D96-4124-8C45-3B245C66634F}.Release|x64.Build.0 = Release|Any CPU
		{C8FC0906-9D96-4124-8C45-3B245C66634F}.Release|x86.ActiveCfg = Release|Any CPU
		{C8FC0906-9D96-4124-8C45-3B245C66634F}.Release|x86.Build.0 = Release|Any CPU
		{D20AA4DD-BE2C-4B1A-83F5-75BF6D982CC0}.Debug|Any CPU.ActiveCfg = Debug|Any CPU
		{D20AA4DD-BE2C-4B1A-83F5-75BF6D982CC0}.Debug|Any CPU.Build.0 = Debug|Any CPU
		{D20AA4DD-BE2C-4B1A-83F5-75BF6D982CC0}.Debug|x64.ActiveCfg = Debug|Any CPU
		{D20AA4DD-BE2C-4B1A-83F5-75BF6D982CC0}.Debug|x64.Build.0 = Debug|Any CPU
		{D20AA4DD-BE2C-4B1A-83F5-75BF6D982CC0}.Debug|x86.ActiveCfg = Debug|Any CPU
		{D20AA4DD-BE2C-4B1A-83F5-75BF6D982CC0}.Debug|x86.Build.0 = Debug|Any CPU
		{D20AA4DD-BE2C-4B1A-83F5-75BF6D982CC0}.Release|Any CPU.ActiveCfg = Release|Any CPU
		{D20AA4DD-BE2C-4B1A-83F5-75BF6D982CC0}.Release|Any CPU.Build.0 = Release|Any CPU
		{D20AA4DD-BE2C-4B1A-83F5-75BF6D982CC0}.Release|x64.ActiveCfg = Release|Any CPU
		{D20AA4DD-BE2C-4B1A-83F5-75BF6D982CC0}.Release|x64.Build.0 = Release|Any CPU
		{D20AA4DD-BE2C-4B1A-83F5-75BF6D982CC0}.Release|x86.ActiveCfg = Release|Any CPU
		{D20AA4DD-BE2C-4B1A-83F5-75BF6D982CC0}.Release|x86.Build.0 = Release|Any CPU
	EndGlobalSection
	GlobalSection(NestedProjects) = preSolution
		{AF459DCE-81F9-496C-B447-5E5D56DB9710} = {2B0529B4-2208-4E8B-87AD-64C84BD6A813}
		{32954E0A-0618-48D0-AE15-64E0E8A5C7EC} = {2B0529B4-2208-4E8B-87AD-64C84BD6A813}
		{C8FC0906-9D96-4124-8C45-3B245C66634F} = {2B0529B4-2208-4E8B-87AD-64C84BD6A813}
		{D20AA4DD-BE2C-4B1A-83F5-75BF6D982CC0} = {2B0529B4-2208-4E8B-87AD-64C84BD6A813}
	EndGlobalSection
EndGlobal
