
Microsoft Visual Studio Solution File, Format Version 12.00
# Visual Studio 15
VisualStudioVersion = 15.0.26124.0
MinimumVisualStudioVersion = 15.0.26124.0
Project("{2150E333-8FDC-42A3-9474-1A3956D46DE8}") = "Source", "Source", "{756866BC-2CED-4154-86DE-4F6C37832BCA}"
EndProject
Project("{FAE04EC0-301F-11D3-BF4B-00C04F79EFBC}") = "Actio.Common", "Source\Actio.Common\Actio.Common.csproj", "{FDC3ED9C-F175-4444-935E-B59DABEE40F6}"
EndProject
Project("{FAE04EC0-301F-11D3-BF4B-00C04F79EFBC}") = "Actio.API", "Source\Actio.API\Actio.API.csproj", "{84E8C093-C733-477C-BA60-19CB94668711}"
EndProject
Project("{2150E333-8FDC-42A3-9474-1A3956D46DE8}") = "Actio.Services", "Actio.Services", "{C1EFA1A7-07AF-49D2-9760-C82C0CD6192D}"
EndProject
Project("{FAE04EC0-301F-11D3-BF4B-00C04F79EFBC}") = "Activities", "Source\Actio.Services\Activities\Activities.csproj", "{C0437260-030A-44CD-A28B-A527780CB715}"
EndProject
Project("{FAE04EC0-301F-11D3-BF4B-00C04F79EFBC}") = "Authentication", "Source\Actio.Services\Authentication\Authentication.csproj", "{280188FF-E401-4027-9E83-136CFAEAB546}"
EndProject
Global
	GlobalSection(SolutionConfigurationPlatforms) = preSolution
		Debug|Any CPU = Debug|Any CPU
		Debug|x64 = Debug|x64
		Debug|x86 = Debug|x86
		Release|Any CPU = Release|Any CPU
		Release|x64 = Release|x64
		Release|x86 = Release|x86
	EndGlobalSection
	GlobalSection(SolutionProperties) = preSolution
		HideSolutionNode = FALSE
	EndGlobalSection
	GlobalSection(ProjectConfigurationPlatforms) = postSolution
		{FDC3ED9C-F175-4444-935E-B59DABEE40F6}.Debug|Any CPU.ActiveCfg = Debug|Any CPU
		{FDC3ED9C-F175-4444-935E-B59DABEE40F6}.Debug|Any CPU.Build.0 = Debug|Any CPU
		{FDC3ED9C-F175-4444-935E-B59DABEE40F6}.Debug|x64.ActiveCfg = Debug|Any CPU
		{FDC3ED9C-F175-4444-935E-B59DABEE40F6}.Debug|x64.Build.0 = Debug|Any CPU
		{FDC3ED9C-F175-4444-935E-B59DABEE40F6}.Debug|x86.ActiveCfg = Debug|Any CPU
		{FDC3ED9C-F175-4444-935E-B59DABEE40F6}.Debug|x86.Build.0 = Debug|Any CPU
		{FDC3ED9C-F175-4444-935E-B59DABEE40F6}.Release|Any CPU.ActiveCfg = Release|Any CPU
		{FDC3ED9C-F175-4444-935E-B59DABEE40F6}.Release|Any CPU.Build.0 = Release|Any CPU
		{FDC3ED9C-F175-4444-935E-B59DABEE40F6}.Release|x64.ActiveCfg = Release|Any CPU
		{FDC3ED9C-F175-4444-935E-B59DABEE40F6}.Release|x64.Build.0 = Release|Any CPU
		{FDC3ED9C-F175-4444-935E-B59DABEE40F6}.Release|x86.ActiveCfg = Release|Any CPU
		{FDC3ED9C-F175-4444-935E-B59DABEE40F6}.Release|x86.Build.0 = Release|Any CPU
		{84E8C093-C733-477C-BA60-19CB94668711}.Debug|Any CPU.ActiveCfg = Debug|Any CPU
		{84E8C093-C733-477C-BA60-19CB94668711}.Debug|Any CPU.Build.0 = Debug|Any CPU
		{84E8C093-C733-477C-BA60-19CB94668711}.Debug|x64.ActiveCfg = Debug|Any CPU
		{84E8C093-C733-477C-BA60-19CB94668711}.Debug|x64.Build.0 = Debug|Any CPU
		{84E8C093-C733-477C-BA60-19CB94668711}.Debug|x86.ActiveCfg = Debug|Any CPU
		{84E8C093-C733-477C-BA60-19CB94668711}.Debug|x86.Build.0 = Debug|Any CPU
		{84E8C093-C733-477C-BA60-19CB94668711}.Release|Any CPU.ActiveCfg = Release|Any CPU
		{84E8C093-C733-477C-BA60-19CB94668711}.Release|Any CPU.Build.0 = Release|Any CPU
		{84E8C093-C733-477C-BA60-19CB94668711}.Release|x64.ActiveCfg = Release|Any CPU
		{84E8C093-C733-477C-BA60-19CB94668711}.Release|x64.Build.0 = Release|Any CPU
		{84E8C093-C733-477C-BA60-19CB94668711}.Release|x86.ActiveCfg = Release|Any CPU
		{84E8C093-C733-477C-BA60-19CB94668711}.Release|x86.Build.0 = Release|Any CPU
		{C0437260-030A-44CD-A28B-A527780CB715}.Debug|Any CPU.ActiveCfg = Debug|Any CPU
		{C0437260-030A-44CD-A28B-A527780CB715}.Debug|Any CPU.Build.0 = Debug|Any CPU
		{C0437260-030A-44CD-A28B-A527780CB715}.Debug|x64.ActiveCfg = Debug|Any CPU
		{C0437260-030A-44CD-A28B-A527780CB715}.Debug|x64.Build.0 = Debug|Any CPU
		{C0437260-030A-44CD-A28B-A527780CB715}.Debug|x86.ActiveCfg = Debug|Any CPU
		{C0437260-030A-44CD-A28B-A527780CB715}.Debug|x86.Build.0 = Debug|Any CPU
		{C0437260-030A-44CD-A28B-A527780CB715}.Release|Any CPU.ActiveCfg = Release|Any CPU
		{C0437260-030A-44CD-A28B-A527780CB715}.Release|Any CPU.Build.0 = Release|Any CPU
		{C0437260-030A-44CD-A28B-A527780CB715}.Release|x64.ActiveCfg = Release|Any CPU
		{C0437260-030A-44CD-A28B-A527780CB715}.Release|x64.Build.0 = Release|Any CPU
		{C0437260-030A-44CD-A28B-A527780CB715}.Release|x86.ActiveCfg = Release|Any CPU
		{C0437260-030A-44CD-A28B-A527780CB715}.Release|x86.Build.0 = Release|Any CPU
		{280188FF-E401-4027-9E83-136CFAEAB546}.Debug|Any CPU.ActiveCfg = Debug|Any CPU
		{280188FF-E401-4027-9E83-136CFAEAB546}.Debug|Any CPU.Build.0 = Debug|Any CPU
		{280188FF-E401-4027-9E83-136CFAEAB546}.Debug|x64.ActiveCfg = Debug|Any CPU
		{280188FF-E401-4027-9E83-136CFAEAB546}.Debug|x64.Build.0 = Debug|Any CPU
		{280188FF-E401-4027-9E83-136CFAEAB546}.Debug|x86.ActiveCfg = Debug|Any CPU
		{280188FF-E401-4027-9E83-136CFAEAB546}.Debug|x86.Build.0 = Debug|Any CPU
		{280188FF-E401-4027-9E83-136CFAEAB546}.Release|Any CPU.ActiveCfg = Release|Any CPU
		{280188FF-E401-4027-9E83-136CFAEAB546}.Release|Any CPU.Build.0 = Release|Any CPU
		{280188FF-E401-4027-9E83-136CFAEAB546}.Release|x64.ActiveCfg = Release|Any CPU
		{280188FF-E401-4027-9E83-136CFAEAB546}.Release|x64.Build.0 = Release|Any CPU
		{280188FF-E401-4027-9E83-136CFAEAB546}.Release|x86.ActiveCfg = Release|Any CPU
		{280188FF-E401-4027-9E83-136CFAEAB546}.Release|x86.Build.0 = Release|Any CPU
	EndGlobalSection
	GlobalSection(NestedProjects) = preSolution
		{FDC3ED9C-F175-4444-935E-B59DABEE40F6} = {756866BC-2CED-4154-86DE-4F6C37832BCA}
		{84E8C093-C733-477C-BA60-19CB94668711} = {756866BC-2CED-4154-86DE-4F6C37832BCA}
		{C1EFA1A7-07AF-49D2-9760-C82C0CD6192D} = {756866BC-2CED-4154-86DE-4F6C37832BCA}
		{C0437260-030A-44CD-A28B-A527780CB715} = {C1EFA1A7-07AF-49D2-9760-C82C0CD6192D}
		{280188FF-E401-4027-9E83-136CFAEAB546} = {C1EFA1A7-07AF-49D2-9760-C82C0CD6192D}
	EndGlobalSection
EndGlobal
